// !$*UTF8*$!
{
	archiveVersion = 1;
	classes = {
	};
	objectVersion = 51;
	objects = {

/* Begin PBXBuildFile section */
		690F5D1E2679EC39009B2354 /* NewsModel.swift in Sources */ = {isa = PBXBuildFile; fileRef = 690F5D1D2679EC39009B2354 /* NewsModel.swift */; };
		691F27992677C9CF008D27F2 /* NewsTableViewController.swift in Sources */ = {isa = PBXBuildFile; fileRef = 691F27962677C9CF008D27F2 /* NewsTableViewController.swift */; };
		691F279D2677CA54008D27F2 /* Post.swift in Sources */ = {isa = PBXBuildFile; fileRef = 691F279C2677CA54008D27F2 /* Post.swift */; };
		691F6EAC26231F0B00CA7957 /* FriendTableViewCell.swift in Sources */ = {isa = PBXBuildFile; fileRef = 691F6EAA26231F0B00CA7957 /* FriendTableViewCell.swift */; };
		691F6EAD26231F0B00CA7957 /* FriendTableViewCell.xib in Resources */ = {isa = PBXBuildFile; fileRef = 691F6EAB26231F0B00CA7957 /* FriendTableViewCell.xib */; };
		691F6EB026233D8E00CA7957 /* DetailedFriendCollectionViewController.swift in Sources */ = {isa = PBXBuildFile; fileRef = 691F6EAF26233D8E00CA7957 /* DetailedFriendCollectionViewController.swift */; };
		691F6EB426233DD900CA7957 /* DetailedFriendCollectionViewCell.swift in Sources */ = {isa = PBXBuildFile; fileRef = 691F6EB226233DD900CA7957 /* DetailedFriendCollectionViewCell.swift */; };
		691F6EB526233DD900CA7957 /* DetailedFriendCollectionViewCell.xib in Resources */ = {isa = PBXBuildFile; fileRef = 691F6EB326233DD900CA7957 /* DetailedFriendCollectionViewCell.xib */; };
		6922171A2682488600429DB6 /* FriendsPresenter.swift in Sources */ = {isa = PBXBuildFile; fileRef = 692217192682488600429DB6 /* FriendsPresenter.swift */; };
		6922172F268282F900429DB6 /* UserPresenter.swift in Sources */ = {isa = PBXBuildFile; fileRef = 6922172E268282F900429DB6 /* UserPresenter.swift */; };
		6922173126830B3200429DB6 /* GroupPresenter.swift in Sources */ = {isa = PBXBuildFile; fileRef = 6922173026830B3200429DB6 /* GroupPresenter.swift */; };
		692217332683123200429DB6 /* FBGroupModel.swift in Sources */ = {isa = PBXBuildFile; fileRef = 692217322683123200429DB6 /* FBGroupModel.swift */; };
		692217352683129600429DB6 /* PhotosPresenter.swift in Sources */ = {isa = PBXBuildFile; fileRef = 692217342683129600429DB6 /* PhotosPresenter.swift */; };
		692217372683188B00429DB6 /* NewsPresenter.swift in Sources */ = {isa = PBXBuildFile; fileRef = 692217362683188B00429DB6 /* NewsPresenter.swift */; };
		6923C72826636F520077A312 /* PhotosModel.swift in Sources */ = {isa = PBXBuildFile; fileRef = 6923C72726636F520077A312 /* PhotosModel.swift */; };
		693901782694368D007C2DB5 /* NewsSourceCell.xib in Resources */ = {isa = PBXBuildFile; fileRef = 693901772694368D007C2DB5 /* NewsSourceCell.xib */; };
		6939017A269436A5007C2DB5 /* NewsSourceCell.swift in Sources */ = {isa = PBXBuildFile; fileRef = 69390179269436A5007C2DB5 /* NewsSourceCell.swift */; };
		6939017C269444B8007C2DB5 /* NewsTextCell.xib in Resources */ = {isa = PBXBuildFile; fileRef = 6939017B269444B8007C2DB5 /* NewsTextCell.xib */; };
		6939017E269444C5007C2DB5 /* NewsTextCell.swift in Sources */ = {isa = PBXBuildFile; fileRef = 6939017D269444C5007C2DB5 /* NewsTextCell.swift */; };
		6939018026944B03007C2DB5 /* NewsUtilityCell.xib in Resources */ = {isa = PBXBuildFile; fileRef = 6939017F26944B03007C2DB5 /* NewsUtilityCell.xib */; };
		6939018226944C6D007C2DB5 /* NewsUtilityCell.swift in Sources */ = {isa = PBXBuildFile; fileRef = 6939018126944C6D007C2DB5 /* NewsUtilityCell.swift */; };
		693901852694500F007C2DB5 /* NewsImageCell.xib in Resources */ = {isa = PBXBuildFile; fileRef = 693901842694500F007C2DB5 /* NewsImageCell.xib */; };
		6939018826945025007C2DB5 /* NewsImageCell.swift in Sources */ = {isa = PBXBuildFile; fileRef = 6939018726945025007C2DB5 /* NewsImageCell.swift */; };
		6939018A26946C4C007C2DB5 /* NewsSeparatorCell.xib in Resources */ = {isa = PBXBuildFile; fileRef = 6939018926946C4C007C2DB5 /* NewsSeparatorCell.xib */; };
		6939018C26946C9B007C2DB5 /* NewsSeparatorCell.swift in Sources */ = {isa = PBXBuildFile; fileRef = 6939018B26946C9B007C2DB5 /* NewsSeparatorCell.swift */; };
		6939F3FB26394C5A007EE218 /* AnimatedPhotosViewController.swift in Sources */ = {isa = PBXBuildFile; fileRef = 6939F3FA26394C5A007EE218 /* AnimatedPhotosViewController.swift */; };
		694FD2192634C7E8009CA6DD /* UIView+AnomationsGradient.swift in Sources */ = {isa = PBXBuildFile; fileRef = 694FD2182634C7E8009CA6DD /* UIView+AnomationsGradient.swift */; };
		695A0CD4266AC6C2003BA234 /* CollectionViewCell.swift in Sources */ = {isa = PBXBuildFile; fileRef = 695A0CD3266AC6C2003BA234 /* CollectionViewCell.swift */; };
		695A0CD6266EAB00003BA234 /* DatabaseServiceProtocol.swift in Sources */ = {isa = PBXBuildFile; fileRef = 695A0CD5266EAB00003BA234 /* DatabaseServiceProtocol.swift */; };
		695A0CDA26709BF8003BA234 /* UserModel.swift in Sources */ = {isa = PBXBuildFile; fileRef = 695A0CD926709BF8003BA234 /* UserModel.swift */; };
		695F08CB2618D394001DC492 /* AppDelegate.swift in Sources */ = {isa = PBXBuildFile; fileRef = 695F08CA2618D394001DC492 /* AppDelegate.swift */; };
		695F08CD2618D394001DC492 /* SceneDelegate.swift in Sources */ = {isa = PBXBuildFile; fileRef = 695F08CC2618D394001DC492 /* SceneDelegate.swift */; };
		695F08D22618D394001DC492 /* Main.storyboard in Resources */ = {isa = PBXBuildFile; fileRef = 695F08D02618D394001DC492 /* Main.storyboard */; };
		695F08D42618D395001DC492 /* Assets.xcassets in Resources */ = {isa = PBXBuildFile; fileRef = 695F08D32618D395001DC492 /* Assets.xcassets */; };
		695F08D72618D395001DC492 /* LaunchScreen.storyboard in Resources */ = {isa = PBXBuildFile; fileRef = 695F08D52618D395001DC492 /* LaunchScreen.storyboard */; };
		697CCA13262EE6FF00E1F048 /* FriendsListViewController.swift in Sources */ = {isa = PBXBuildFile; fileRef = 697CCA12262EE6FF00E1F048 /* FriendsListViewController.swift */; };
		697E47E4265846FB0038917E /* Session.swift in Sources */ = {isa = PBXBuildFile; fileRef = 697E47E3265846FB0038917E /* Session.swift */; };
		698D1A1F2667ABA400F626A8 /* FriendsCollectionViewCell.xib in Resources */ = {isa = PBXBuildFile; fileRef = 698D1A1D2667ABA400F626A8 /* FriendsCollectionViewCell.xib */; };
		698D1A212667B47600F626A8 /* FriendsCollectionViewCell.swift in Sources */ = {isa = PBXBuildFile; fileRef = 698D1A202667B47600F626A8 /* FriendsCollectionViewCell.swift */; };
		6993A8122666995F00938293 /* NetworkServices.swift in Sources */ = {isa = PBXBuildFile; fileRef = 6993A8112666995F00938293 /* NetworkServices.swift */; };
		699656FE26245702008650B8 /* UserGroupTableViewController.swift in Sources */ = {isa = PBXBuildFile; fileRef = 699656FD26245702008650B8 /* UserGroupTableViewController.swift */; };
		699657022624595D008650B8 /* GroupTableViewCell.swift in Sources */ = {isa = PBXBuildFile; fileRef = 699657002624595D008650B8 /* GroupTableViewCell.swift */; };
		699657032624595D008650B8 /* GroupTableViewCell.xib in Resources */ = {isa = PBXBuildFile; fileRef = 699657012624595D008650B8 /* GroupTableViewCell.xib */; };
		6996570626246925008650B8 /* AllGroupsTableViewController.swift in Sources */ = {isa = PBXBuildFile; fileRef = 6996570526246925008650B8 /* AllGroupsTableViewController.swift */; };
		69A9BFED262DED7100980DDF /* PhotosCollectionViewController.swift in Sources */ = {isa = PBXBuildFile; fileRef = 69A9BFEC262DED7100980DDF /* PhotosCollectionViewController.swift */; };
		69A9BFF1262DED8A00980DDF /* PhotosCollectionViewCell.swift in Sources */ = {isa = PBXBuildFile; fileRef = 69A9BFEF262DED8A00980DDF /* PhotosCollectionViewCell.swift */; };
		69A9BFF2262DED8A00980DDF /* PhotosCollectionViewCell.xib in Resources */ = {isa = PBXBuildFile; fileRef = 69A9BFF0262DED8A00980DDF /* PhotosCollectionViewCell.xib */; };
		69BF44142622F70300D03109 /* FriendsModel.swift in Sources */ = {isa = PBXBuildFile; fileRef = 69BF44132622F70300D03109 /* FriendsModel.swift */; };
		69BF44172622F71200D03109 /* GroupsModel.swift in Sources */ = {isa = PBXBuildFile; fileRef = 69BF44162622F71200D03109 /* GroupsModel.swift */; };
		69BF44222622FE6000D03109 /* DataStorage.swift in Sources */ = {isa = PBXBuildFile; fileRef = 69BF44212622FE6000D03109 /* DataStorage.swift */; };
		69BF44262622FF7900D03109 /* TabBarController.swift in Sources */ = {isa = PBXBuildFile; fileRef = 69BF44252622FF7900D03109 /* TabBarController.swift */; };
		69C11F28264311EA002A3E92 /* CustomAnimators.swift in Sources */ = {isa = PBXBuildFile; fileRef = 69C11F27264311EA002A3E92 /* CustomAnimators.swift */; };
		69C11F2A2643153E002A3E92 /* CustomNavigationController.swift in Sources */ = {isa = PBXBuildFile; fileRef = 69C11F292643153E002A3E92 /* CustomNavigationController.swift */; };
		69C11F2C2644032C002A3E92 /* NavigationClosingAnimation.swift in Sources */ = {isa = PBXBuildFile; fileRef = 69C11F2B2644032C002A3E92 /* NavigationClosingAnimation.swift */; };
		69C3AD9C26625958009AF474 /* Pods_VKapp_RudenkoD.framework in Frameworks */ = {isa = PBXBuildFile; fileRef = 3894B421EC6F7436AF1786F9 /* Pods_VKapp_RudenkoD.framework */; };
		69E5E00F26790AF100BCB5FF /* FBFriendsModel.swift in Sources */ = {isa = PBXBuildFile; fileRef = 69E5E00E26790AF100BCB5FF /* FBFriendsModel.swift */; };
		69E5E0112679184500BCB5FF /* GoogleService-Info.plist in Resources */ = {isa = PBXBuildFile; fileRef = 69E5E0102679184500BCB5FF /* GoogleService-Info.plist */; };
		69E97FB2265EA5940083DEAB /* AuthViewController.swift in Sources */ = {isa = PBXBuildFile; fileRef = 69E97FB1265EA5940083DEAB /* AuthViewController.swift */; };
		69E97FB5266221910083DEAB /* Data+PrettyJSON.swift in Sources */ = {isa = PBXBuildFile; fileRef = 69E97FB4266221910083DEAB /* Data+PrettyJSON.swift */; };
		69E97FB8266221EA0083DEAB /* UIController+lokeButtonAnim .swift in Sources */ = {isa = PBXBuildFile; fileRef = 69E97FB7266221EA0083DEAB /* UIController+lokeButtonAnim .swift */; };
		69E97FBA266222280083DEAB /* UIImageView+ShadowCircleImage.swift in Sources */ = {isa = PBXBuildFile; fileRef = 69E97FB9266222280083DEAB /* UIImageView+ShadowCircleImage.swift */; };
/* End PBXBuildFile section */

/* Begin PBXFileReference section */
		31C019C1BCDE06690692DA1E /* Pods-VKapp_RudenkoD.release.xcconfig */ = {isa = PBXFileReference; includeInIndex = 1; lastKnownFileType = text.xcconfig; name = "Pods-VKapp_RudenkoD.release.xcconfig"; path = "Target Support Files/Pods-VKapp_RudenkoD/Pods-VKapp_RudenkoD.release.xcconfig"; sourceTree = "<group>"; };
		3894B421EC6F7436AF1786F9 /* Pods_VKapp_RudenkoD.framework */ = {isa = PBXFileReference; explicitFileType = wrapper.framework; includeInIndex = 0; path = Pods_VKapp_RudenkoD.framework; sourceTree = BUILT_PRODUCTS_DIR; };
		690F5D1D2679EC39009B2354 /* NewsModel.swift */ = {isa = PBXFileReference; lastKnownFileType = sourcecode.swift; path = NewsModel.swift; sourceTree = "<group>"; };
		691F27962677C9CF008D27F2 /* NewsTableViewController.swift */ = {isa = PBXFileReference; fileEncoding = 4; lastKnownFileType = sourcecode.swift; path = NewsTableViewController.swift; sourceTree = "<group>"; };
		691F279C2677CA54008D27F2 /* Post.swift */ = {isa = PBXFileReference; fileEncoding = 4; lastKnownFileType = sourcecode.swift; path = Post.swift; sourceTree = "<group>"; };
		691F6EAA26231F0B00CA7957 /* FriendTableViewCell.swift */ = {isa = PBXFileReference; lastKnownFileType = sourcecode.swift; path = FriendTableViewCell.swift; sourceTree = "<group>"; };
		691F6EAB26231F0B00CA7957 /* FriendTableViewCell.xib */ = {isa = PBXFileReference; lastKnownFileType = file.xib; path = FriendTableViewCell.xib; sourceTree = "<group>"; };
		691F6EAF26233D8E00CA7957 /* DetailedFriendCollectionViewController.swift */ = {isa = PBXFileReference; lastKnownFileType = sourcecode.swift; path = DetailedFriendCollectionViewController.swift; sourceTree = "<group>"; };
		691F6EB226233DD900CA7957 /* DetailedFriendCollectionViewCell.swift */ = {isa = PBXFileReference; lastKnownFileType = sourcecode.swift; path = DetailedFriendCollectionViewCell.swift; sourceTree = "<group>"; };
		691F6EB326233DD900CA7957 /* DetailedFriendCollectionViewCell.xib */ = {isa = PBXFileReference; lastKnownFileType = file.xib; path = DetailedFriendCollectionViewCell.xib; sourceTree = "<group>"; };
		692217192682488600429DB6 /* FriendsPresenter.swift */ = {isa = PBXFileReference; lastKnownFileType = sourcecode.swift; path = FriendsPresenter.swift; sourceTree = "<group>"; };
		6922172E268282F900429DB6 /* UserPresenter.swift */ = {isa = PBXFileReference; lastKnownFileType = sourcecode.swift; path = UserPresenter.swift; sourceTree = "<group>"; };
		6922173026830B3200429DB6 /* GroupPresenter.swift */ = {isa = PBXFileReference; lastKnownFileType = sourcecode.swift; path = GroupPresenter.swift; sourceTree = "<group>"; };
		692217322683123200429DB6 /* FBGroupModel.swift */ = {isa = PBXFileReference; lastKnownFileType = sourcecode.swift; path = FBGroupModel.swift; sourceTree = "<group>"; };
		692217342683129600429DB6 /* PhotosPresenter.swift */ = {isa = PBXFileReference; lastKnownFileType = sourcecode.swift; path = PhotosPresenter.swift; sourceTree = "<group>"; };
		692217362683188B00429DB6 /* NewsPresenter.swift */ = {isa = PBXFileReference; lastKnownFileType = sourcecode.swift; path = NewsPresenter.swift; sourceTree = "<group>"; };
		6923C72726636F520077A312 /* PhotosModel.swift */ = {isa = PBXFileReference; lastKnownFileType = sourcecode.swift; path = PhotosModel.swift; sourceTree = "<group>"; };
		693901772694368D007C2DB5 /* NewsSourceCell.xib */ = {isa = PBXFileReference; lastKnownFileType = file.xib; path = NewsSourceCell.xib; sourceTree = "<group>"; };
		69390179269436A5007C2DB5 /* NewsSourceCell.swift */ = {isa = PBXFileReference; lastKnownFileType = sourcecode.swift; path = NewsSourceCell.swift; sourceTree = "<group>"; };
		6939017B269444B8007C2DB5 /* NewsTextCell.xib */ = {isa = PBXFileReference; lastKnownFileType = file.xib; path = NewsTextCell.xib; sourceTree = "<group>"; };
		6939017D269444C5007C2DB5 /* NewsTextCell.swift */ = {isa = PBXFileReference; lastKnownFileType = sourcecode.swift; path = NewsTextCell.swift; sourceTree = "<group>"; };
		6939017F26944B03007C2DB5 /* NewsUtilityCell.xib */ = {isa = PBXFileReference; lastKnownFileType = file.xib; path = NewsUtilityCell.xib; sourceTree = "<group>"; };
		6939018126944C6D007C2DB5 /* NewsUtilityCell.swift */ = {isa = PBXFileReference; lastKnownFileType = sourcecode.swift; path = NewsUtilityCell.swift; sourceTree = "<group>"; };
		693901842694500F007C2DB5 /* NewsImageCell.xib */ = {isa = PBXFileReference; lastKnownFileType = file.xib; path = NewsImageCell.xib; sourceTree = "<group>"; };
		6939018726945025007C2DB5 /* NewsImageCell.swift */ = {isa = PBXFileReference; lastKnownFileType = sourcecode.swift; path = NewsImageCell.swift; sourceTree = "<group>"; };
		6939018926946C4C007C2DB5 /* NewsSeparatorCell.xib */ = {isa = PBXFileReference; lastKnownFileType = file.xib; path = NewsSeparatorCell.xib; sourceTree = "<group>"; };
		6939018B26946C9B007C2DB5 /* NewsSeparatorCell.swift */ = {isa = PBXFileReference; lastKnownFileType = sourcecode.swift; path = NewsSeparatorCell.swift; sourceTree = "<group>"; };
		6939F3FA26394C5A007EE218 /* AnimatedPhotosViewController.swift */ = {isa = PBXFileReference; lastKnownFileType = sourcecode.swift; path = AnimatedPhotosViewController.swift; sourceTree = "<group>"; };
		694FD2182634C7E8009CA6DD /* UIView+AnomationsGradient.swift */ = {isa = PBXFileReference; lastKnownFileType = sourcecode.swift; path = "UIView+AnomationsGradient.swift"; sourceTree = "<group>"; };
		695A0CD3266AC6C2003BA234 /* CollectionViewCell.swift */ = {isa = PBXFileReference; lastKnownFileType = sourcecode.swift; path = CollectionViewCell.swift; sourceTree = "<group>"; };
		695A0CD5266EAB00003BA234 /* DatabaseServiceProtocol.swift */ = {isa = PBXFileReference; lastKnownFileType = sourcecode.swift; path = DatabaseServiceProtocol.swift; sourceTree = "<group>"; };
		695A0CD926709BF8003BA234 /* UserModel.swift */ = {isa = PBXFileReference; lastKnownFileType = sourcecode.swift; path = UserModel.swift; sourceTree = "<group>"; };
		695F08C72618D394001DC492 /* VKapp_RudenkoD.app */ = {isa = PBXFileReference; explicitFileType = wrapper.application; includeInIndex = 0; path = VKapp_RudenkoD.app; sourceTree = BUILT_PRODUCTS_DIR; };
		695F08CA2618D394001DC492 /* AppDelegate.swift */ = {isa = PBXFileReference; lastKnownFileType = sourcecode.swift; path = AppDelegate.swift; sourceTree = "<group>"; };
		695F08CC2618D394001DC492 /* SceneDelegate.swift */ = {isa = PBXFileReference; lastKnownFileType = sourcecode.swift; path = SceneDelegate.swift; sourceTree = "<group>"; };
		695F08D12618D394001DC492 /* Base */ = {isa = PBXFileReference; lastKnownFileType = file.storyboard; name = Base; path = Base.lproj/Main.storyboard; sourceTree = "<group>"; };
		695F08D32618D395001DC492 /* Assets.xcassets */ = {isa = PBXFileReference; lastKnownFileType = folder.assetcatalog; path = Assets.xcassets; sourceTree = "<group>"; };
		695F08D62618D395001DC492 /* Base */ = {isa = PBXFileReference; lastKnownFileType = file.storyboard; name = Base; path = Base.lproj/LaunchScreen.storyboard; sourceTree = "<group>"; };
		695F08D82618D395001DC492 /* Info.plist */ = {isa = PBXFileReference; lastKnownFileType = text.plist.xml; path = Info.plist; sourceTree = "<group>"; };
		697CCA12262EE6FF00E1F048 /* FriendsListViewController.swift */ = {isa = PBXFileReference; lastKnownFileType = sourcecode.swift; path = FriendsListViewController.swift; sourceTree = "<group>"; };
		697E47E3265846FB0038917E /* Session.swift */ = {isa = PBXFileReference; lastKnownFileType = sourcecode.swift; path = Session.swift; sourceTree = "<group>"; };
		698D1A1D2667ABA400F626A8 /* FriendsCollectionViewCell.xib */ = {isa = PBXFileReference; lastKnownFileType = file.xib; path = FriendsCollectionViewCell.xib; sourceTree = "<group>"; };
		698D1A202667B47600F626A8 /* FriendsCollectionViewCell.swift */ = {isa = PBXFileReference; fileEncoding = 4; lastKnownFileType = sourcecode.swift; path = FriendsCollectionViewCell.swift; sourceTree = "<group>"; };
		6993A8112666995F00938293 /* NetworkServices.swift */ = {isa = PBXFileReference; lastKnownFileType = sourcecode.swift; path = NetworkServices.swift; sourceTree = "<group>"; };
		699656FD26245702008650B8 /* UserGroupTableViewController.swift */ = {isa = PBXFileReference; lastKnownFileType = sourcecode.swift; path = UserGroupTableViewController.swift; sourceTree = "<group>"; };
		699657002624595D008650B8 /* GroupTableViewCell.swift */ = {isa = PBXFileReference; lastKnownFileType = sourcecode.swift; path = GroupTableViewCell.swift; sourceTree = "<group>"; };
		699657012624595D008650B8 /* GroupTableViewCell.xib */ = {isa = PBXFileReference; lastKnownFileType = file.xib; path = GroupTableViewCell.xib; sourceTree = "<group>"; };
		6996570526246925008650B8 /* AllGroupsTableViewController.swift */ = {isa = PBXFileReference; lastKnownFileType = sourcecode.swift; path = AllGroupsTableViewController.swift; sourceTree = "<group>"; };
		69A9BFEC262DED7100980DDF /* PhotosCollectionViewController.swift */ = {isa = PBXFileReference; lastKnownFileType = sourcecode.swift; path = PhotosCollectionViewController.swift; sourceTree = "<group>"; };
		69A9BFEF262DED8A00980DDF /* PhotosCollectionViewCell.swift */ = {isa = PBXFileReference; lastKnownFileType = sourcecode.swift; path = PhotosCollectionViewCell.swift; sourceTree = "<group>"; };
		69A9BFF0262DED8A00980DDF /* PhotosCollectionViewCell.xib */ = {isa = PBXFileReference; lastKnownFileType = file.xib; path = PhotosCollectionViewCell.xib; sourceTree = "<group>"; };
		69BF44132622F70300D03109 /* FriendsModel.swift */ = {isa = PBXFileReference; lastKnownFileType = sourcecode.swift; path = FriendsModel.swift; sourceTree = "<group>"; };
		69BF44162622F71200D03109 /* GroupsModel.swift */ = {isa = PBXFileReference; lastKnownFileType = sourcecode.swift; path = GroupsModel.swift; sourceTree = "<group>"; };
		69BF44212622FE6000D03109 /* DataStorage.swift */ = {isa = PBXFileReference; lastKnownFileType = sourcecode.swift; path = DataStorage.swift; sourceTree = "<group>"; };
		69BF44252622FF7900D03109 /* TabBarController.swift */ = {isa = PBXFileReference; lastKnownFileType = sourcecode.swift; path = TabBarController.swift; sourceTree = "<group>"; };
		69C11F27264311EA002A3E92 /* CustomAnimators.swift */ = {isa = PBXFileReference; lastKnownFileType = sourcecode.swift; path = CustomAnimators.swift; sourceTree = "<group>"; };
		69C11F292643153E002A3E92 /* CustomNavigationController.swift */ = {isa = PBXFileReference; lastKnownFileType = sourcecode.swift; path = CustomNavigationController.swift; sourceTree = "<group>"; };
		69C11F2B2644032C002A3E92 /* NavigationClosingAnimation.swift */ = {isa = PBXFileReference; lastKnownFileType = sourcecode.swift; path = NavigationClosingAnimation.swift; sourceTree = "<group>"; };
		69C3AD9F2662596C009AF474 /* Alamofire.framework */ = {isa = PBXFileReference; explicitFileType = wrapper.framework; path = Alamofire.framework; sourceTree = BUILT_PRODUCTS_DIR; };
		69E5E00E26790AF100BCB5FF /* FBFriendsModel.swift */ = {isa = PBXFileReference; lastKnownFileType = sourcecode.swift; path = FBFriendsModel.swift; sourceTree = "<group>"; };
		69E5E0102679184500BCB5FF /* GoogleService-Info.plist */ = {isa = PBXFileReference; fileEncoding = 4; lastKnownFileType = text.plist.xml; path = "GoogleService-Info.plist"; sourceTree = "<group>"; };
		69E97FB1265EA5940083DEAB /* AuthViewController.swift */ = {isa = PBXFileReference; lastKnownFileType = sourcecode.swift; path = AuthViewController.swift; sourceTree = "<group>"; };
		69E97FB4266221910083DEAB /* Data+PrettyJSON.swift */ = {isa = PBXFileReference; lastKnownFileType = sourcecode.swift; path = "Data+PrettyJSON.swift"; sourceTree = "<group>"; };
		69E97FB7266221EA0083DEAB /* UIController+lokeButtonAnim .swift */ = {isa = PBXFileReference; lastKnownFileType = sourcecode.swift; path = "UIController+lokeButtonAnim .swift"; sourceTree = "<group>"; };
		69E97FB9266222280083DEAB /* UIImageView+ShadowCircleImage.swift */ = {isa = PBXFileReference; lastKnownFileType = sourcecode.swift; path = "UIImageView+ShadowCircleImage.swift"; sourceTree = "<group>"; };
		B2583E241E5765781BF49B8B /* Pods-VKapp_RudenkoD.debug.xcconfig */ = {isa = PBXFileReference; includeInIndex = 1; lastKnownFileType = text.xcconfig; name = "Pods-VKapp_RudenkoD.debug.xcconfig"; path = "Target Support Files/Pods-VKapp_RudenkoD/Pods-VKapp_RudenkoD.debug.xcconfig"; sourceTree = "<group>"; };
/* End PBXFileReference section */

/* Begin PBXFrameworksBuildPhase section */
		695F08C42618D394001DC492 /* Frameworks */ = {
			isa = PBXFrameworksBuildPhase;
			buildActionMask = 2147483647;
			files = (
				69C3AD9C26625958009AF474 /* Pods_VKapp_RudenkoD.framework in Frameworks */,
			);
			runOnlyForDeploymentPostprocessing = 0;
		};
/* End PBXFrameworksBuildPhase section */

/* Begin PBXGroup section */
		53C1DD91FD614D2259ECA088 /* Pods */ = {
			isa = PBXGroup;
			children = (
				B2583E241E5765781BF49B8B /* Pods-VKapp_RudenkoD.debug.xcconfig */,
				31C019C1BCDE06690692DA1E /* Pods-VKapp_RudenkoD.release.xcconfig */,
			);
			path = Pods;
			sourceTree = "<group>";
		};
		690F5D1A2679D37E009B2354 /* Realm */ = {
			isa = PBXGroup;
			children = (
				69BF44212622FE6000D03109 /* DataStorage.swift */,
			);
			path = Realm;
			sourceTree = "<group>";
		};
		69221715268245A200429DB6 /* FriendsModule */ = {
			isa = PBXGroup;
			children = (
				69221718268245E300429DB6 /* Presenter */,
				69221717268245DA00429DB6 /* View */,
				69221716268245D200429DB6 /* Model */,
			);
			path = FriendsModule;
			sourceTree = "<group>";
		};
		69221716268245D200429DB6 /* Model */ = {
			isa = PBXGroup;
			children = (
				69E5E00E26790AF100BCB5FF /* FBFriendsModel.swift */,
				69BF44132622F70300D03109 /* FriendsModel.swift */,
			);
			path = Model;
			sourceTree = "<group>";
		};
		69221717268245DA00429DB6 /* View */ = {
			isa = PBXGroup;
			children = (
				691F6EAA26231F0B00CA7957 /* FriendTableViewCell.swift */,
				698D1A1D2667ABA400F626A8 /* FriendsCollectionViewCell.xib */,
				697CCA12262EE6FF00E1F048 /* FriendsListViewController.swift */,
			);
			path = View;
			sourceTree = "<group>";
		};
		69221718268245E300429DB6 /* Presenter */ = {
			isa = PBXGroup;
			children = (
				692217192682488600429DB6 /* FriendsPresenter.swift */,
			);
			path = Presenter;
			sourceTree = "<group>";
		};
		6922171D26827DD200429DB6 /* UserModule */ = {
			isa = PBXGroup;
			children = (
				6922172026827DF900429DB6 /* Model */,
				6922171F26827DEE00429DB6 /* View */,
				6922171E26827DE600429DB6 /* Presenter */,
			);
			path = UserModule;
			sourceTree = "<group>";
		};
		6922171E26827DE600429DB6 /* Presenter */ = {
			isa = PBXGroup;
			children = (
				6922172E268282F900429DB6 /* UserPresenter.swift */,
			);
			path = Presenter;
			sourceTree = "<group>";
		};
		6922171F26827DEE00429DB6 /* View */ = {
			isa = PBXGroup;
			children = (
				691F6EAB26231F0B00CA7957 /* FriendTableViewCell.xib */,
				691F6EAF26233D8E00CA7957 /* DetailedFriendCollectionViewController.swift */,
				691F6EB326233DD900CA7957 /* DetailedFriendCollectionViewCell.xib */,
				698D1A202667B47600F626A8 /* FriendsCollectionViewCell.swift */,
				691F6EB226233DD900CA7957 /* DetailedFriendCollectionViewCell.swift */,
			);
			path = View;
			sourceTree = "<group>";
		};
		6922172026827DF900429DB6 /* Model */ = {
			isa = PBXGroup;
			children = (
				695A0CD926709BF8003BA234 /* UserModel.swift */,
			);
			path = Model;
			sourceTree = "<group>";
		};
		6922172126827E3B00429DB6 /* PhotoModule */ = {
			isa = PBXGroup;
			children = (
				6922172426827E6900429DB6 /* Presenter */,
				6922172326827E6100429DB6 /* View */,
				6922172226827E5600429DB6 /* Model */,
			);
			path = PhotoModule;
			sourceTree = "<group>";
		};
		6922172226827E5600429DB6 /* Model */ = {
			isa = PBXGroup;
			children = (
				6923C72726636F520077A312 /* PhotosModel.swift */,
			);
			path = Model;
			sourceTree = "<group>";
		};
		6922172326827E6100429DB6 /* View */ = {
			isa = PBXGroup;
			children = (
				6939F3FA26394C5A007EE218 /* AnimatedPhotosViewController.swift */,
				69A9BFEC262DED7100980DDF /* PhotosCollectionViewController.swift */,
				69A9BFF0262DED8A00980DDF /* PhotosCollectionViewCell.xib */,
				69A9BFEF262DED8A00980DDF /* PhotosCollectionViewCell.swift */,
			);
			path = View;
			sourceTree = "<group>";
		};
		6922172426827E6900429DB6 /* Presenter */ = {
			isa = PBXGroup;
			children = (
				692217342683129600429DB6 /* PhotosPresenter.swift */,
			);
			path = Presenter;
			sourceTree = "<group>";
		};
		6922172526827EAA00429DB6 /* GroupModule */ = {
			isa = PBXGroup;
			children = (
				6922172826827EEC00429DB6 /* Presenter */,
				6922172726827EC700429DB6 /* View */,
				6922172626827EB800429DB6 /* Model */,
			);
			path = GroupModule;
			sourceTree = "<group>";
		};
		6922172626827EB800429DB6 /* Model */ = {
			isa = PBXGroup;
			children = (
				69BF44162622F71200D03109 /* GroupsModel.swift */,
				692217322683123200429DB6 /* FBGroupModel.swift */,
			);
			path = Model;
			sourceTree = "<group>";
		};
		6922172726827EC700429DB6 /* View */ = {
			isa = PBXGroup;
			children = (
				699657002624595D008650B8 /* GroupTableViewCell.swift */,
				699657012624595D008650B8 /* GroupTableViewCell.xib */,
				699656FD26245702008650B8 /* UserGroupTableViewController.swift */,
			);
			path = View;
			sourceTree = "<group>";
		};
		6922172826827EEC00429DB6 /* Presenter */ = {
			isa = PBXGroup;
			children = (
				6922173026830B3200429DB6 /* GroupPresenter.swift */,
			);
			path = Presenter;
			sourceTree = "<group>";
		};
		6922172A26827EFF00429DB6 /* NewsModule */ = {
			isa = PBXGroup;
			children = (
				6922172D26827F1C00429DB6 /* View */,
				6922172C26827F1400429DB6 /* Presenter */,
				6922172B26827F0800429DB6 /* Model */,
			);
			path = NewsModule;
			sourceTree = "<group>";
		};
		6922172B26827F0800429DB6 /* Model */ = {
			isa = PBXGroup;
			children = (
				690F5D1D2679EC39009B2354 /* NewsModel.swift */,
			);
			path = Model;
			sourceTree = "<group>";
		};
		6922172C26827F1400429DB6 /* Presenter */ = {
			isa = PBXGroup;
			children = (
				692217362683188B00429DB6 /* NewsPresenter.swift */,
			);
			path = Presenter;
			sourceTree = "<group>";
		};
		6922172D26827F1C00429DB6 /* View */ = {
			isa = PBXGroup;
			children = (
				6939017626943261007C2DB5 /* Cells */,
				691F27962677C9CF008D27F2 /* NewsTableViewController.swift */,
			);
			path = View;
			sourceTree = "<group>";
		};
		6939017626943261007C2DB5 /* Cells */ = {
			isa = PBXGroup;
			children = (
				693901772694368D007C2DB5 /* NewsSourceCell.xib */,
				69390179269436A5007C2DB5 /* NewsSourceCell.swift */,
				6939017B269444B8007C2DB5 /* NewsTextCell.xib */,
				6939017D269444C5007C2DB5 /* NewsTextCell.swift */,
				6939017F26944B03007C2DB5 /* NewsUtilityCell.xib */,
				6939018126944C6D007C2DB5 /* NewsUtilityCell.swift */,
				693901842694500F007C2DB5 /* NewsImageCell.xib */,
				6939018726945025007C2DB5 /* NewsImageCell.swift */,
				6939018926946C4C007C2DB5 /* NewsSeparatorCell.xib */,
				6939018B26946C9B007C2DB5 /* NewsSeparatorCell.swift */,
			);
			path = Cells;
			sourceTree = "<group>";
		};
		6958798B2658295900A14C88 /* CustomAnimations */ = {
			isa = PBXGroup;
			children = (
				69C11F27264311EA002A3E92 /* CustomAnimators.swift */,
				69C11F292643153E002A3E92 /* CustomNavigationController.swift */,
				69C11F2B2644032C002A3E92 /* NavigationClosingAnimation.swift */,
			);
			path = CustomAnimations;
			sourceTree = "<group>";
		};
		695F08BE2618D394001DC492 = {
			isa = PBXGroup;
			children = (
				695F08C92618D394001DC492 /* VKapp_RudenkoD */,
				695F08C82618D394001DC492 /* Products */,
				53C1DD91FD614D2259ECA088 /* Pods */,
				98C74CF66871A5512EDDD254 /* Frameworks */,
			);
			sourceTree = "<group>";
		};
		695F08C82618D394001DC492 /* Products */ = {
			isa = PBXGroup;
			children = (
				695F08C72618D394001DC492 /* VKapp_RudenkoD.app */,
			);
			name = Products;
			sourceTree = "<group>";
		};
		695F08C92618D394001DC492 /* VKapp_RudenkoD */ = {
			isa = PBXGroup;
			children = (
				695F08D32618D395001DC492 /* Assets.xcassets */,
				6958798B2658295900A14C88 /* CustomAnimations */,
				69E97FB32662215E0083DEAB /* Extensions */,
				69221715268245A200429DB6 /* FriendsModule */,
				6922172526827EAA00429DB6 /* GroupModule */,
				698D1A24266A984400F626A8 /* Modules */,
				6922172A26827EFF00429DB6 /* NewsModule */,
				6922172126827E3B00429DB6 /* PhotoModule */,
				69DB50872658248C00648F72 /* Resources */,
				69BF44122622F6E300D03109 /* ServiceLayer */,
				6922171D26827DD200429DB6 /* UserModule */,
			);
			name = VKapp_RudenkoD;
			path = L1_RudenkoD;
			sourceTree = "<group>";
		};
		698D1A24266A984400F626A8 /* Modules */ = {
			isa = PBXGroup;
			children = (
				6996570526246925008650B8 /* AllGroupsTableViewController.swift */,
				69E97FB1265EA5940083DEAB /* AuthViewController.swift */,
				69BF44252622FF7900D03109 /* TabBarController.swift */,
			);
			path = Modules;
			sourceTree = "<group>";
		};
		69BF44122622F6E300D03109 /* ServiceLayer */ = {
			isa = PBXGroup;
			children = (
				6993A8112666995F00938293 /* NetworkServices.swift */,
				695A0CD5266EAB00003BA234 /* DatabaseServiceProtocol.swift */,
				690F5D1A2679D37E009B2354 /* Realm */,
				691F279C2677CA54008D27F2 /* Post.swift */,
				697E47E3265846FB0038917E /* Session.swift */,
			);
			path = ServiceLayer;
			sourceTree = "<group>";
		};
		69DB50872658248C00648F72 /* Resources */ = {
			isa = PBXGroup;
			children = (
				695F08D82618D395001DC492 /* Info.plist */,
				695F08CC2618D394001DC492 /* SceneDelegate.swift */,
				695F08D52618D395001DC492 /* LaunchScreen.storyboard */,
				69E5E0102679184500BCB5FF /* GoogleService-Info.plist */,
				695F08CA2618D394001DC492 /* AppDelegate.swift */,
				695F08D02618D394001DC492 /* Main.storyboard */,
			);
			path = Resources;
			sourceTree = "<group>";
		};
		69E97FB32662215E0083DEAB /* Extensions */ = {
			isa = PBXGroup;
			children = (
				694FD2182634C7E8009CA6DD /* UIView+AnomationsGradient.swift */,
				69E97FB4266221910083DEAB /* Data+PrettyJSON.swift */,
				69E97FB7266221EA0083DEAB /* UIController+lokeButtonAnim .swift */,
				695A0CD3266AC6C2003BA234 /* CollectionViewCell.swift */,
				69E97FB9266222280083DEAB /* UIImageView+ShadowCircleImage.swift */,
			);
			path = Extensions;
			sourceTree = "<group>";
		};
		98C74CF66871A5512EDDD254 /* Frameworks */ = {
			isa = PBXGroup;
			children = (
				69C3AD9F2662596C009AF474 /* Alamofire.framework */,
				3894B421EC6F7436AF1786F9 /* Pods_VKapp_RudenkoD.framework */,
			);
			name = Frameworks;
			sourceTree = "<group>";
		};
/* End PBXGroup section */

/* Begin PBXNativeTarget section */
		695F08C62618D394001DC492 /* VKapp_RudenkoD */ = {
			isa = PBXNativeTarget;
			buildConfigurationList = 695F08DB2618D395001DC492 /* Build configuration list for PBXNativeTarget "VKapp_RudenkoD" */;
			buildPhases = (
				E30B82A048C96F1794281DAF /* [CP] Check Pods Manifest.lock */,
				695F08C32618D394001DC492 /* Sources */,
				695F08C42618D394001DC492 /* Frameworks */,
				695F08C52618D394001DC492 /* Resources */,
				234B904006B896DF189A34B7 /* [CP] Embed Pods Frameworks */,
			);
			buildRules = (
			);
			dependencies = (
			);
			name = VKapp_RudenkoD;
			productName = L1_RudenkoD;
			productReference = 695F08C72618D394001DC492 /* VKapp_RudenkoD.app */;
			productType = "com.apple.product-type.application";
		};
/* End PBXNativeTarget section */

/* Begin PBXProject section */
		695F08BF2618D394001DC492 /* Project object */ = {
			isa = PBXProject;
			attributes = {
				LastSwiftUpdateCheck = 1240;
				LastUpgradeCheck = 1240;
				TargetAttributes = {
					695F08C62618D394001DC492 = {
						CreatedOnToolsVersion = 12.4;
					};
				};
			};
			buildConfigurationList = 695F08C22618D394001DC492 /* Build configuration list for PBXProject "VKapp_RudenkoD" */;
			compatibilityVersion = "Xcode 9.3";
			developmentRegion = en;
			hasScannedForEncodings = 0;
			knownRegions = (
				en,
				Base,
			);
			mainGroup = 695F08BE2618D394001DC492;
			productRefGroup = 695F08C82618D394001DC492 /* Products */;
			projectDirPath = "";
			projectRoot = "";
			targets = (
				695F08C62618D394001DC492 /* VKapp_RudenkoD */,
			);
		};
/* End PBXProject section */

/* Begin PBXResourcesBuildPhase section */
		695F08C52618D394001DC492 /* Resources */ = {
			isa = PBXResourcesBuildPhase;
			buildActionMask = 2147483647;
			files = (
				698D1A1F2667ABA400F626A8 /* FriendsCollectionViewCell.xib in Resources */,
				69A9BFF2262DED8A00980DDF /* PhotosCollectionViewCell.xib in Resources */,
				691F6EB526233DD900CA7957 /* DetailedFriendCollectionViewCell.xib in Resources */,
				6939018026944B03007C2DB5 /* NewsUtilityCell.xib in Resources */,
				699657032624595D008650B8 /* GroupTableViewCell.xib in Resources */,
				695F08D72618D395001DC492 /* LaunchScreen.storyboard in Resources */,
				695F08D42618D395001DC492 /* Assets.xcassets in Resources */,
				693901782694368D007C2DB5 /* NewsSourceCell.xib in Resources */,
				6939018A26946C4C007C2DB5 /* NewsSeparatorCell.xib in Resources */,
				69E5E0112679184500BCB5FF /* GoogleService-Info.plist in Resources */,
				693901852694500F007C2DB5 /* NewsImageCell.xib in Resources */,
				695F08D22618D394001DC492 /* Main.storyboard in Resources */,
				691F6EAD26231F0B00CA7957 /* FriendTableViewCell.xib in Resources */,
				6939017C269444B8007C2DB5 /* NewsTextCell.xib in Resources */,
			);
			runOnlyForDeploymentPostprocessing = 0;
		};
/* End PBXResourcesBuildPhase section */

/* Begin PBXShellScriptBuildPhase section */
		234B904006B896DF189A34B7 /* [CP] Embed Pods Frameworks */ = {
			isa = PBXShellScriptBuildPhase;
			buildActionMask = 2147483647;
			files = (
			);
			inputFileListPaths = (
				"${PODS_ROOT}/Target Support Files/Pods-VKapp_RudenkoD/Pods-VKapp_RudenkoD-frameworks-${CONFIGURATION}-input-files.xcfilelist",
			);
			name = "[CP] Embed Pods Frameworks";
			outputFileListPaths = (
				"${PODS_ROOT}/Target Support Files/Pods-VKapp_RudenkoD/Pods-VKapp_RudenkoD-frameworks-${CONFIGURATION}-output-files.xcfilelist",
			);
			runOnlyForDeploymentPostprocessing = 0;
			shellPath = /bin/sh;
			shellScript = "\"${PODS_ROOT}/Target Support Files/Pods-VKapp_RudenkoD/Pods-VKapp_RudenkoD-frameworks.sh\"\n";
			showEnvVarsInLog = 0;
		};
		E30B82A048C96F1794281DAF /* [CP] Check Pods Manifest.lock */ = {
			isa = PBXShellScriptBuildPhase;
			buildActionMask = 2147483647;
			files = (
			);
			inputFileListPaths = (
			);
			inputPaths = (
				"${PODS_PODFILE_DIR_PATH}/Podfile.lock",
				"${PODS_ROOT}/Manifest.lock",
			);
			name = "[CP] Check Pods Manifest.lock";
			outputFileListPaths = (
			);
			outputPaths = (
				"$(DERIVED_FILE_DIR)/Pods-VKapp_RudenkoD-checkManifestLockResult.txt",
			);
			runOnlyForDeploymentPostprocessing = 0;
			shellPath = /bin/sh;
			shellScript = "diff \"${PODS_PODFILE_DIR_PATH}/Podfile.lock\" \"${PODS_ROOT}/Manifest.lock\" > /dev/null\nif [ $? != 0 ] ; then\n    # print error to STDERR\n    echo \"error: The sandbox is not in sync with the Podfile.lock. Run 'pod install' or update your CocoaPods installation.\" >&2\n    exit 1\nfi\n# This output is used by Xcode 'outputs' to avoid re-running this script phase.\necho \"SUCCESS\" > \"${SCRIPT_OUTPUT_FILE_0}\"\n";
			showEnvVarsInLog = 0;
		};
/* End PBXShellScriptBuildPhase section */

/* Begin PBXSourcesBuildPhase section */
		695F08C32618D394001DC492 /* Sources */ = {
			isa = PBXSourcesBuildPhase;
			buildActionMask = 2147483647;
			files = (
				6922173126830B3200429DB6 /* GroupPresenter.swift in Sources */,
				697E47E4265846FB0038917E /* Session.swift in Sources */,
				6939017A269436A5007C2DB5 /* NewsSourceCell.swift in Sources */,
				691F6EAC26231F0B00CA7957 /* FriendTableViewCell.swift in Sources */,
				6922171A2682488600429DB6 /* FriendsPresenter.swift in Sources */,
				695A0CD4266AC6C2003BA234 /* CollectionViewCell.swift in Sources */,
				69BF44142622F70300D03109 /* FriendsModel.swift in Sources */,
				6939017E269444C5007C2DB5 /* NewsTextCell.swift in Sources */,
				691F6EB026233D8E00CA7957 /* DetailedFriendCollectionViewController.swift in Sources */,
				69A9BFED262DED7100980DDF /* PhotosCollectionViewController.swift in Sources */,
				6939018C26946C9B007C2DB5 /* NewsSeparatorCell.swift in Sources */,
				695A0CD6266EAB00003BA234 /* DatabaseServiceProtocol.swift in Sources */,
				692217372683188B00429DB6 /* NewsPresenter.swift in Sources */,
				698D1A212667B47600F626A8 /* FriendsCollectionViewCell.swift in Sources */,
				69BF44262622FF7900D03109 /* TabBarController.swift in Sources */,
				699656FE26245702008650B8 /* UserGroupTableViewController.swift in Sources */,
				6993A8122666995F00938293 /* NetworkServices.swift in Sources */,
				6939018826945025007C2DB5 /* NewsImageCell.swift in Sources */,
				6923C72826636F520077A312 /* PhotosModel.swift in Sources */,
				690F5D1E2679EC39009B2354 /* NewsModel.swift in Sources */,
				69BF44222622FE6000D03109 /* DataStorage.swift in Sources */,
				69E97FB8266221EA0083DEAB /* UIController+lokeButtonAnim .swift in Sources */,
				69C11F2A2643153E002A3E92 /* CustomNavigationController.swift in Sources */,
				69C11F2C2644032C002A3E92 /* NavigationClosingAnimation.swift in Sources */,
				692217332683123200429DB6 /* FBGroupModel.swift in Sources */,
				697CCA13262EE6FF00E1F048 /* FriendsListViewController.swift in Sources */,
				694FD2192634C7E8009CA6DD /* UIView+AnomationsGradient.swift in Sources */,
				691F6EB426233DD900CA7957 /* DetailedFriendCollectionViewCell.swift in Sources */,
				6996570626246925008650B8 /* AllGroupsTableViewController.swift in Sources */,
				695A0CDA26709BF8003BA234 /* UserModel.swift in Sources */,
				691F279D2677CA54008D27F2 /* Post.swift in Sources */,
				69E97FB5266221910083DEAB /* Data+PrettyJSON.swift in Sources */,
				6939F3FB26394C5A007EE218 /* AnimatedPhotosViewController.swift in Sources */,
				692217352683129600429DB6 /* PhotosPresenter.swift in Sources */,
				6922172F268282F900429DB6 /* UserPresenter.swift in Sources */,
				695F08CB2618D394001DC492 /* AppDelegate.swift in Sources */,
				69BF44172622F71200D03109 /* GroupsModel.swift in Sources */,
				69A9BFF1262DED8A00980DDF /* PhotosCollectionViewCell.swift in Sources */,
				69E97FB2265EA5940083DEAB /* AuthViewController.swift in Sources */,
				69E97FBA266222280083DEAB /* UIImageView+ShadowCircleImage.swift in Sources */,
				691F27992677C9CF008D27F2 /* NewsTableViewController.swift in Sources */,
				6939018226944C6D007C2DB5 /* NewsUtilityCell.swift in Sources */,
				699657022624595D008650B8 /* GroupTableViewCell.swift in Sources */,
				69E5E00F26790AF100BCB5FF /* FBFriendsModel.swift in Sources */,
				695F08CD2618D394001DC492 /* SceneDelegate.swift in Sources */,
				69C11F28264311EA002A3E92 /* CustomAnimators.swift in Sources */,
			);
			runOnlyForDeploymentPostprocessing = 0;
		};
/* End PBXSourcesBuildPhase section */

/* Begin PBXVariantGroup section */
		695F08D02618D394001DC492 /* Main.storyboard */ = {
			isa = PBXVariantGroup;
			children = (
				695F08D12618D394001DC492 /* Base */,
			);
			name = Main.storyboard;
			sourceTree = "<group>";
		};
		695F08D52618D395001DC492 /* LaunchScreen.storyboard */ = {
			isa = PBXVariantGroup;
			children = (
				695F08D62618D395001DC492 /* Base */,
			);
			name = LaunchScreen.storyboard;
			sourceTree = "<group>";
		};
/* End PBXVariantGroup section */

/* Begin XCBuildConfiguration section */
		695F08D92618D395001DC492 /* Debug */ = {
			isa = XCBuildConfiguration;
			buildSettings = {
				ALWAYS_SEARCH_USER_PATHS = NO;
				CLANG_ANALYZER_NONNULL = YES;
				CLANG_ANALYZER_NUMBER_OBJECT_CONVERSION = YES_AGGRESSIVE;
				CLANG_CXX_LANGUAGE_STANDARD = "gnu++14";
				CLANG_CXX_LIBRARY = "libc++";
				CLANG_ENABLE_MODULES = YES;
				CLANG_ENABLE_OBJC_ARC = YES;
				CLANG_ENABLE_OBJC_WEAK = YES;
				CLANG_WARN_BLOCK_CAPTURE_AUTORELEASING = YES;
				CLANG_WARN_BOOL_CONVERSION = YES;
				CLANG_WARN_COMMA = YES;
				CLANG_WARN_CONSTANT_CONVERSION = YES;
				CLANG_WARN_DEPRECATED_OBJC_IMPLEMENTATIONS = YES;
				CLANG_WARN_DIRECT_OBJC_ISA_USAGE = YES_ERROR;
				CLANG_WARN_DOCUMENTATION_COMMENTS = YES;
				CLANG_WARN_EMPTY_BODY = YES;
				CLANG_WARN_ENUM_CONVERSION = YES;
				CLANG_WARN_INFINITE_RECURSION = YES;
				CLANG_WARN_INT_CONVERSION = YES;
				CLANG_WARN_NON_LITERAL_NULL_CONVERSION = YES;
				CLANG_WARN_OBJC_IMPLICIT_RETAIN_SELF = YES;
				CLANG_WARN_OBJC_LITERAL_CONVERSION = YES;
				CLANG_WARN_OBJC_ROOT_CLASS = YES_ERROR;
				CLANG_WARN_QUOTED_INCLUDE_IN_FRAMEWORK_HEADER = YES;
				CLANG_WARN_RANGE_LOOP_ANALYSIS = YES;
				CLANG_WARN_STRICT_PROTOTYPES = YES;
				CLANG_WARN_SUSPICIOUS_MOVE = YES;
				CLANG_WARN_UNGUARDED_AVAILABILITY = YES_AGGRESSIVE;
				CLANG_WARN_UNREACHABLE_CODE = YES;
				CLANG_WARN__DUPLICATE_METHOD_MATCH = YES;
				COPY_PHASE_STRIP = NO;
				DEBUG_INFORMATION_FORMAT = dwarf;
				ENABLE_STRICT_OBJC_MSGSEND = YES;
				ENABLE_TESTABILITY = YES;
				GCC_C_LANGUAGE_STANDARD = gnu11;
				GCC_DYNAMIC_NO_PIC = NO;
				GCC_NO_COMMON_BLOCKS = YES;
				GCC_OPTIMIZATION_LEVEL = 0;
				GCC_PREPROCESSOR_DEFINITIONS = (
					"DEBUG=1",
					"$(inherited)",
				);
				GCC_WARN_64_TO_32_BIT_CONVERSION = YES;
				GCC_WARN_ABOUT_RETURN_TYPE = YES_ERROR;
				GCC_WARN_UNDECLARED_SELECTOR = YES;
				GCC_WARN_UNINITIALIZED_AUTOS = YES_AGGRESSIVE;
				GCC_WARN_UNUSED_FUNCTION = YES;
				GCC_WARN_UNUSED_VARIABLE = YES;
				IPHONEOS_DEPLOYMENT_TARGET = 14.5;
				MTL_ENABLE_DEBUG_INFO = INCLUDE_SOURCE;
				MTL_FAST_MATH = YES;
				ONLY_ACTIVE_ARCH = YES;
				SDKROOT = iphoneos;
				SWIFT_ACTIVE_COMPILATION_CONDITIONS = DEBUG;
				SWIFT_OPTIMIZATION_LEVEL = "-Onone";
			};
			name = Debug;
		};
		695F08DA2618D395001DC492 /* Release */ = {
			isa = XCBuildConfiguration;
			buildSettings = {
				ALWAYS_SEARCH_USER_PATHS = NO;
				CLANG_ANALYZER_NONNULL = YES;
				CLANG_ANALYZER_NUMBER_OBJECT_CONVERSION = YES_AGGRESSIVE;
				CLANG_CXX_LANGUAGE_STANDARD = "gnu++14";
				CLANG_CXX_LIBRARY = "libc++";
				CLANG_ENABLE_MODULES = YES;
				CLANG_ENABLE_OBJC_ARC = YES;
				CLANG_ENABLE_OBJC_WEAK = YES;
				CLANG_WARN_BLOCK_CAPTURE_AUTORELEASING = YES;
				CLANG_WARN_BOOL_CONVERSION = YES;
				CLANG_WARN_COMMA = YES;
				CLANG_WARN_CONSTANT_CONVERSION = YES;
				CLANG_WARN_DEPRECATED_OBJC_IMPLEMENTATIONS = YES;
				CLANG_WARN_DIRECT_OBJC_ISA_USAGE = YES_ERROR;
				CLANG_WARN_DOCUMENTATION_COMMENTS = YES;
				CLANG_WARN_EMPTY_BODY = YES;
				CLANG_WARN_ENUM_CONVERSION = YES;
				CLANG_WARN_INFINITE_RECURSION = YES;
				CLANG_WARN_INT_CONVERSION = YES;
				CLANG_WARN_NON_LITERAL_NULL_CONVERSION = YES;
				CLANG_WARN_OBJC_IMPLICIT_RETAIN_SELF = YES;
				CLANG_WARN_OBJC_LITERAL_CONVERSION = YES;
				CLANG_WARN_OBJC_ROOT_CLASS = YES_ERROR;
				CLANG_WARN_QUOTED_INCLUDE_IN_FRAMEWORK_HEADER = YES;
				CLANG_WARN_RANGE_LOOP_ANALYSIS = YES;
				CLANG_WARN_STRICT_PROTOTYPES = YES;
				CLANG_WARN_SUSPICIOUS_MOVE = YES;
				CLANG_WARN_UNGUARDED_AVAILABILITY = YES_AGGRESSIVE;
				CLANG_WARN_UNREACHABLE_CODE = YES;
				CLANG_WARN__DUPLICATE_METHOD_MATCH = YES;
				COPY_PHASE_STRIP = NO;
				DEBUG_INFORMATION_FORMAT = "dwarf-with-dsym";
				ENABLE_NS_ASSERTIONS = NO;
				ENABLE_STRICT_OBJC_MSGSEND = YES;
				GCC_C_LANGUAGE_STANDARD = gnu11;
				GCC_NO_COMMON_BLOCKS = YES;
				GCC_WARN_64_TO_32_BIT_CONVERSION = YES;
				GCC_WARN_ABOUT_RETURN_TYPE = YES_ERROR;
				GCC_WARN_UNDECLARED_SELECTOR = YES;
				GCC_WARN_UNINITIALIZED_AUTOS = YES_AGGRESSIVE;
				GCC_WARN_UNUSED_FUNCTION = YES;
				GCC_WARN_UNUSED_VARIABLE = YES;
				IPHONEOS_DEPLOYMENT_TARGET = 14.5;
				MTL_ENABLE_DEBUG_INFO = NO;
				MTL_FAST_MATH = YES;
				SDKROOT = iphoneos;
				SWIFT_COMPILATION_MODE = wholemodule;
				SWIFT_OPTIMIZATION_LEVEL = "-O";
				VALIDATE_PRODUCT = YES;
			};
			name = Release;
		};
		695F08DC2618D395001DC492 /* Debug */ = {
			isa = XCBuildConfiguration;
			baseConfigurationReference = B2583E241E5765781BF49B8B /* Pods-VKapp_RudenkoD.debug.xcconfig */;
			buildSettings = {
				ASSETCATALOG_COMPILER_APPICON_NAME = AppIcon;
				ASSETCATALOG_COMPILER_GLOBAL_ACCENT_COLOR_NAME = AccentColor;
				CODE_SIGN_STYLE = Automatic;
				DEVELOPMENT_TEAM = N3G8R7BNR2;
				INFOPLIST_FILE = L1_RudenkoD/Resources/Info.plist;
				IPHONEOS_DEPLOYMENT_TARGET = 14.5;
				LD_RUNPATH_SEARCH_PATHS = (
					"$(inherited)",
					"@executable_path/Frameworks",
				);
				PRODUCT_BUNDLE_IDENTIFIER = "home.VKapp-R";
				PRODUCT_NAME = "$(TARGET_NAME)";
				SWIFT_VERSION = 5.0;
				TARGETED_DEVICE_FAMILY = "1,2";
			};
			name = Debug;
		};
		695F08DD2618D395001DC492 /* Release */ = {
			isa = XCBuildConfiguration;
			baseConfigurationReference = 31C019C1BCDE06690692DA1E /* Pods-VKapp_RudenkoD.release.xcconfig */;
			buildSettings = {
				ASSETCATALOG_COMPILER_APPICON_NAME = AppIcon;
				ASSETCATALOG_COMPILER_GLOBAL_ACCENT_COLOR_NAME = AccentColor;
				CODE_SIGN_STYLE = Automatic;
				DEVELOPMENT_TEAM = N3G8R7BNR2;
				INFOPLIST_FILE = L1_RudenkoD/Resources/Info.plist;
				IPHONEOS_DEPLOYMENT_TARGET = 14.5;
				LD_RUNPATH_SEARCH_PATHS = (
					"$(inherited)",
					"@executable_path/Frameworks",
				);
				PRODUCT_BUNDLE_IDENTIFIER = "home.VKapp-R";
				PRODUCT_NAME = "$(TARGET_NAME)";
				SWIFT_VERSION = 5.0;
				TARGETED_DEVICE_FAMILY = "1,2";
			};
			name = Release;
		};
/* End XCBuildConfiguration section */

/* Begin XCConfigurationList section */
		695F08C22618D394001DC492 /* Build configuration list for PBXProject "VKapp_RudenkoD" */ = {
			isa = XCConfigurationList;
			buildConfigurations = (
				695F08D92618D395001DC492 /* Debug */,
				695F08DA2618D395001DC492 /* Release */,
			);
			defaultConfigurationIsVisible = 0;
			defaultConfigurationName = Release;
		};
		695F08DB2618D395001DC492 /* Build configuration list for PBXNativeTarget "VKapp_RudenkoD" */ = {
			isa = XCConfigurationList;
			buildConfigurations = (
				695F08DC2618D395001DC492 /* Debug */,
				695F08DD2618D395001DC492 /* Release */,
			);
			defaultConfigurationIsVisible = 0;
			defaultConfigurationName = Release;
		};
/* End XCConfigurationList section */
	};
	rootObject = 695F08BF2618D394001DC492 /* Project object */;
}
