// !$*UTF8*$!
{
	archiveVersion = 1;
	classes = {
	};
	objectVersion = 50;
	objects = {

/* Begin PBXBuildFile section */
		691F6EAC26231F0B00CA7957 /* FriendTableViewCell.swift in Sources */ = {isa = PBXBuildFile; fileRef = 691F6EAA26231F0B00CA7957 /* FriendTableViewCell.swift */; };
		691F6EAD26231F0B00CA7957 /* FriendTableViewCell.xib in Resources */ = {isa = PBXBuildFile; fileRef = 691F6EAB26231F0B00CA7957 /* FriendTableViewCell.xib */; };
		691F6EB026233D8E00CA7957 /* DetailedFriendCollectionViewController.swift in Sources */ = {isa = PBXBuildFile; fileRef = 691F6EAF26233D8E00CA7957 /* DetailedFriendCollectionViewController.swift */; };
		691F6EB426233DD900CA7957 /* DetailedFriendCollectionViewCell.swift in Sources */ = {isa = PBXBuildFile; fileRef = 691F6EB226233DD900CA7957 /* DetailedFriendCollectionViewCell.swift */; };
		691F6EB526233DD900CA7957 /* DetailedFriendCollectionViewCell.xib in Resources */ = {isa = PBXBuildFile; fileRef = 691F6EB326233DD900CA7957 /* DetailedFriendCollectionViewCell.xib */; };
		6939F3FB26394C5A007EE218 /* AnimatedPhotosViewController.swift in Sources */ = {isa = PBXBuildFile; fileRef = 6939F3FA26394C5A007EE218 /* AnimatedPhotosViewController.swift */; };
		694FD2192634C7E8009CA6DD /* Extensions.swift in Sources */ = {isa = PBXBuildFile; fileRef = 694FD2182634C7E8009CA6DD /* Extensions.swift */; };
		695F08CB2618D394001DC492 /* AppDelegate.swift in Sources */ = {isa = PBXBuildFile; fileRef = 695F08CA2618D394001DC492 /* AppDelegate.swift */; };
		695F08CD2618D394001DC492 /* SceneDelegate.swift in Sources */ = {isa = PBXBuildFile; fileRef = 695F08CC2618D394001DC492 /* SceneDelegate.swift */; };
		695F08D22618D394001DC492 /* Main.storyboard in Resources */ = {isa = PBXBuildFile; fileRef = 695F08D02618D394001DC492 /* Main.storyboard */; };
		695F08D42618D395001DC492 /* Assets.xcassets in Resources */ = {isa = PBXBuildFile; fileRef = 695F08D32618D395001DC492 /* Assets.xcassets */; };
		695F08D72618D395001DC492 /* LaunchScreen.storyboard in Resources */ = {isa = PBXBuildFile; fileRef = 695F08D52618D395001DC492 /* LaunchScreen.storyboard */; };
		697CCA13262EE6FF00E1F048 /* FriendsViewController.swift in Sources */ = {isa = PBXBuildFile; fileRef = 697CCA12262EE6FF00E1F048 /* FriendsViewController.swift */; };
		699656FE26245702008650B8 /* UserGroupTableViewController.swift in Sources */ = {isa = PBXBuildFile; fileRef = 699656FD26245702008650B8 /* UserGroupTableViewController.swift */; };
		699657022624595D008650B8 /* GroupTableViewCell.swift in Sources */ = {isa = PBXBuildFile; fileRef = 699657002624595D008650B8 /* GroupTableViewCell.swift */; };
		699657032624595D008650B8 /* GroupTableViewCell.xib in Resources */ = {isa = PBXBuildFile; fileRef = 699657012624595D008650B8 /* GroupTableViewCell.xib */; };
		6996570626246925008650B8 /* AllGroupsTableViewController.swift in Sources */ = {isa = PBXBuildFile; fileRef = 6996570526246925008650B8 /* AllGroupsTableViewController.swift */; };
		699DF704263160C3004F6C13 /* NewsTableViewController.swift in Sources */ = {isa = PBXBuildFile; fileRef = 699DF703263160C3004F6C13 /* NewsTableViewController.swift */; };
		699DF708263160DE004F6C13 /* NewsTableViewCell.swift in Sources */ = {isa = PBXBuildFile; fileRef = 699DF706263160DE004F6C13 /* NewsTableViewCell.swift */; };
		699DF709263160DE004F6C13 /* NewsTableViewCell.xib in Resources */ = {isa = PBXBuildFile; fileRef = 699DF707263160DE004F6C13 /* NewsTableViewCell.xib */; };
		699DF71226317FF7004F6C13 /* Post.swift in Sources */ = {isa = PBXBuildFile; fileRef = 699DF71126317FF7004F6C13 /* Post.swift */; };
		69A9BFED262DED7100980DDF /* PhotosCollectionViewController.swift in Sources */ = {isa = PBXBuildFile; fileRef = 69A9BFEC262DED7100980DDF /* PhotosCollectionViewController.swift */; };
		69A9BFF1262DED8A00980DDF /* PhotosCollectionViewCell.swift in Sources */ = {isa = PBXBuildFile; fileRef = 69A9BFEF262DED8A00980DDF /* PhotosCollectionViewCell.swift */; };
		69A9BFF2262DED8A00980DDF /* PhotosCollectionViewCell.xib in Resources */ = {isa = PBXBuildFile; fileRef = 69A9BFF0262DED8A00980DDF /* PhotosCollectionViewCell.xib */; };
		69A9BFF7262EDBBA00980DDF /* CharPeekerControl.swift in Sources */ = {isa = PBXBuildFile; fileRef = 69A9BFF6262EDBBA00980DDF /* CharPeekerControl.swift */; };
		69BF44142622F70300D03109 /* User.swift in Sources */ = {isa = PBXBuildFile; fileRef = 69BF44132622F70300D03109 /* User.swift */; };
		69BF44172622F71200D03109 /* Group.swift in Sources */ = {isa = PBXBuildFile; fileRef = 69BF44162622F71200D03109 /* Group.swift */; };
		69BF44222622FE6000D03109 /* DataStorage.swift in Sources */ = {isa = PBXBuildFile; fileRef = 69BF44212622FE6000D03109 /* DataStorage.swift */; };
		69BF44262622FF7900D03109 /* TabBarController.swift in Sources */ = {isa = PBXBuildFile; fileRef = 69BF44252622FF7900D03109 /* TabBarController.swift */; };
		69D332282618DF76009D4411 /* LoginFormController.swift in Sources */ = {isa = PBXBuildFile; fileRef = 69D332272618DF76009D4411 /* LoginFormController.swift */; };
/* End PBXBuildFile section */

/* Begin PBXFileReference section */
		691F6EAA26231F0B00CA7957 /* FriendTableViewCell.swift */ = {isa = PBXFileReference; lastKnownFileType = sourcecode.swift; path = FriendTableViewCell.swift; sourceTree = "<group>"; };
		691F6EAB26231F0B00CA7957 /* FriendTableViewCell.xib */ = {isa = PBXFileReference; lastKnownFileType = file.xib; path = FriendTableViewCell.xib; sourceTree = "<group>"; };
		691F6EAF26233D8E00CA7957 /* DetailedFriendCollectionViewController.swift */ = {isa = PBXFileReference; lastKnownFileType = sourcecode.swift; path = DetailedFriendCollectionViewController.swift; sourceTree = "<group>"; };
		691F6EB226233DD900CA7957 /* DetailedFriendCollectionViewCell.swift */ = {isa = PBXFileReference; lastKnownFileType = sourcecode.swift; path = DetailedFriendCollectionViewCell.swift; sourceTree = "<group>"; };
		691F6EB326233DD900CA7957 /* DetailedFriendCollectionViewCell.xib */ = {isa = PBXFileReference; lastKnownFileType = file.xib; path = DetailedFriendCollectionViewCell.xib; sourceTree = "<group>"; };
		6939F3FA26394C5A007EE218 /* AnimatedPhotosViewController.swift */ = {isa = PBXFileReference; lastKnownFileType = sourcecode.swift; path = AnimatedPhotosViewController.swift; sourceTree = "<group>"; };
		694FD2182634C7E8009CA6DD /* Extensions.swift */ = {isa = PBXFileReference; lastKnownFileType = sourcecode.swift; path = Extensions.swift; sourceTree = "<group>"; };
		695F08C72618D394001DC492 /* VKapp_RudenkoD.app */ = {isa = PBXFileReference; explicitFileType = wrapper.application; includeInIndex = 0; path = VKapp_RudenkoD.app; sourceTree = BUILT_PRODUCTS_DIR; };
		695F08CA2618D394001DC492 /* AppDelegate.swift */ = {isa = PBXFileReference; lastKnownFileType = sourcecode.swift; path = AppDelegate.swift; sourceTree = "<group>"; };
		695F08CC2618D394001DC492 /* SceneDelegate.swift */ = {isa = PBXFileReference; lastKnownFileType = sourcecode.swift; path = SceneDelegate.swift; sourceTree = "<group>"; };
		695F08D12618D394001DC492 /* Base */ = {isa = PBXFileReference; lastKnownFileType = file.storyboard; name = Base; path = Base.lproj/Main.storyboard; sourceTree = "<group>"; };
		695F08D32618D395001DC492 /* Assets.xcassets */ = {isa = PBXFileReference; lastKnownFileType = folder.assetcatalog; path = Assets.xcassets; sourceTree = "<group>"; };
		695F08D62618D395001DC492 /* Base */ = {isa = PBXFileReference; lastKnownFileType = file.storyboard; name = Base; path = Base.lproj/LaunchScreen.storyboard; sourceTree = "<group>"; };
		695F08D82618D395001DC492 /* Info.plist */ = {isa = PBXFileReference; lastKnownFileType = text.plist.xml; path = Info.plist; sourceTree = "<group>"; };
		697CCA12262EE6FF00E1F048 /* FriendsViewController.swift */ = {isa = PBXFileReference; lastKnownFileType = sourcecode.swift; path = FriendsViewController.swift; sourceTree = "<group>"; };
		699656FD26245702008650B8 /* UserGroupTableViewController.swift */ = {isa = PBXFileReference; lastKnownFileType = sourcecode.swift; path = UserGroupTableViewController.swift; sourceTree = "<group>"; };
		699657002624595D008650B8 /* GroupTableViewCell.swift */ = {isa = PBXFileReference; lastKnownFileType = sourcecode.swift; path = GroupTableViewCell.swift; sourceTree = "<group>"; };
		699657012624595D008650B8 /* GroupTableViewCell.xib */ = {isa = PBXFileReference; lastKnownFileType = file.xib; path = GroupTableViewCell.xib; sourceTree = "<group>"; };
		6996570526246925008650B8 /* AllGroupsTableViewController.swift */ = {isa = PBXFileReference; lastKnownFileType = sourcecode.swift; path = AllGroupsTableViewController.swift; sourceTree = "<group>"; };
		699DF703263160C3004F6C13 /* NewsTableViewController.swift */ = {isa = PBXFileReference; lastKnownFileType = sourcecode.swift; path = NewsTableViewController.swift; sourceTree = "<group>"; };
		699DF706263160DE004F6C13 /* NewsTableViewCell.swift */ = {isa = PBXFileReference; lastKnownFileType = sourcecode.swift; path = NewsTableViewCell.swift; sourceTree = "<group>"; };
		699DF707263160DE004F6C13 /* NewsTableViewCell.xib */ = {isa = PBXFileReference; lastKnownFileType = file.xib; path = NewsTableViewCell.xib; sourceTree = "<group>"; };
		699DF71126317FF7004F6C13 /* Post.swift */ = {isa = PBXFileReference; lastKnownFileType = sourcecode.swift; path = Post.swift; sourceTree = "<group>"; };
		69A9BFEC262DED7100980DDF /* PhotosCollectionViewController.swift */ = {isa = PBXFileReference; lastKnownFileType = sourcecode.swift; path = PhotosCollectionViewController.swift; sourceTree = "<group>"; };
		69A9BFEF262DED8A00980DDF /* PhotosCollectionViewCell.swift */ = {isa = PBXFileReference; lastKnownFileType = sourcecode.swift; path = PhotosCollectionViewCell.swift; sourceTree = "<group>"; };
		69A9BFF0262DED8A00980DDF /* PhotosCollectionViewCell.xib */ = {isa = PBXFileReference; lastKnownFileType = file.xib; path = PhotosCollectionViewCell.xib; sourceTree = "<group>"; };
		69A9BFF6262EDBBA00980DDF /* CharPeekerControl.swift */ = {isa = PBXFileReference; lastKnownFileType = sourcecode.swift; path = CharPeekerControl.swift; sourceTree = "<group>"; };
		69BF44132622F70300D03109 /* User.swift */ = {isa = PBXFileReference; lastKnownFileType = sourcecode.swift; path = User.swift; sourceTree = "<group>"; };
		69BF44162622F71200D03109 /* Group.swift */ = {isa = PBXFileReference; lastKnownFileType = sourcecode.swift; path = Group.swift; sourceTree = "<group>"; };
		69BF44212622FE6000D03109 /* DataStorage.swift */ = {isa = PBXFileReference; lastKnownFileType = sourcecode.swift; path = DataStorage.swift; sourceTree = "<group>"; };
		69BF44252622FF7900D03109 /* TabBarController.swift */ = {isa = PBXFileReference; lastKnownFileType = sourcecode.swift; path = TabBarController.swift; sourceTree = "<group>"; };
		69D332272618DF76009D4411 /* LoginFormController.swift */ = {isa = PBXFileReference; lastKnownFileType = sourcecode.swift; path = LoginFormController.swift; sourceTree = "<group>"; };
/* End PBXFileReference section */

/* Begin PBXFrameworksBuildPhase section */
		695F08C42618D394001DC492 /* Frameworks */ = {
			isa = PBXFrameworksBuildPhase;
			buildActionMask = 2147483647;
			files = (
			);
			runOnlyForDeploymentPostprocessing = 0;
		};
/* End PBXFrameworksBuildPhase section */

/* Begin PBXGroup section */
		695F08BE2618D394001DC492 = {
			isa = PBXGroup;
			children = (
				695F08C92618D394001DC492 /* VKapp_RudenkoD */,
				695F08C82618D394001DC492 /* Products */,
			);
			sourceTree = "<group>";
		};
		695F08C82618D394001DC492 /* Products */ = {
			isa = PBXGroup;
			children = (
				695F08C72618D394001DC492 /* VKapp_RudenkoD.app */,
			);
			name = Products;
			sourceTree = "<group>";
		};
		695F08C92618D394001DC492 /* VKapp_RudenkoD */ = {
			isa = PBXGroup;
			children = (
				695F08CA2618D394001DC492 /* AppDelegate.swift */,
				695F08D32618D395001DC492 /* Assets.xcassets */,
				69A9BFF6262EDBBA00980DDF /* CharPeekerControl.swift */,
				699657082625F8CB008650B8 /* Friends */,
				6996570A2625F8E6008650B8 /* Groups */,
				695F08D82618D395001DC492 /* Info.plist */,
				695F08D52618D395001DC492 /* LaunchScreen.storyboard */,
				69D332272618DF76009D4411 /* LoginFormController.swift */,
				695F08D02618D394001DC492 /* Main.storyboard */,
				69BF44122622F6E300D03109 /* Model */,
				699DF70B2631611B004F6C13 /* News */,
				695F08CC2618D394001DC492 /* SceneDelegate.swift */,
				69BF44252622FF7900D03109 /* TabBarController.swift */,
			);
			name = VKapp_RudenkoD;
			path = L1_RudenkoD;
			sourceTree = "<group>";
		};
		699657082625F8CB008650B8 /* Friends */ = {
			isa = PBXGroup;
			children = (
				691F6EB226233DD900CA7957 /* DetailedFriendCollectionViewCell.swift */,
				691F6EAF26233D8E00CA7957 /* DetailedFriendCollectionViewController.swift */,
				697CCA12262EE6FF00E1F048 /* FriendsViewController.swift */,
				691F6EAA26231F0B00CA7957 /* FriendTableViewCell.swift */,
				69A9BFEF262DED8A00980DDF /* PhotosCollectionViewCell.swift */,
				69A9BFEC262DED7100980DDF /* PhotosCollectionViewController.swift */,
				69A9BFF4262ED11600980DDF /* XIB */,
				6939F3FA26394C5A007EE218 /* AnimatedPhotosViewController.swift */,
			);
			path = Friends;
			sourceTree = "<group>";
		};
		6996570A2625F8E6008650B8 /* Groups */ = {
			isa = PBXGroup;
			children = (
				6996570526246925008650B8 /* AllGroupsTableViewController.swift */,
				699657002624595D008650B8 /* GroupTableViewCell.swift */,
				699657012624595D008650B8 /* GroupTableViewCell.xib */,
				699656FD26245702008650B8 /* UserGroupTableViewController.swift */,
			);
			path = Groups;
			sourceTree = "<group>";
		};
		699DF70B2631611B004F6C13 /* News */ = {
			isa = PBXGroup;
			children = (
				699DF703263160C3004F6C13 /* NewsTableViewController.swift */,
				699DF706263160DE004F6C13 /* NewsTableViewCell.swift */,
				699DF707263160DE004F6C13 /* NewsTableViewCell.xib */,
			);
			path = News;
			sourceTree = "<group>";
		};
		69A9BFF4262ED11600980DDF /* XIB */ = {
			isa = PBXGroup;
			children = (
				691F6EAB26231F0B00CA7957 /* FriendTableViewCell.xib */,
				69A9BFF0262DED8A00980DDF /* PhotosCollectionViewCell.xib */,
				691F6EB326233DD900CA7957 /* DetailedFriendCollectionViewCell.xib */,
			);
			path = XIB;
			sourceTree = "<group>";
		};
		69BF44122622F6E300D03109 /* Model */ = {
			isa = PBXGroup;
			children = (
				69BF44212622FE6000D03109 /* DataStorage.swift */,
				69BF44132622F70300D03109 /* User.swift */,
				699DF71126317FF7004F6C13 /* Post.swift */,
				694FD2182634C7E8009CA6DD /* Extensions.swift */,
				69BF44162622F71200D03109 /* Group.swift */,
			);
			path = Model;
			sourceTree = "<group>";
		};
/* End PBXGroup section */

/* Begin PBXNativeTarget section */
		695F08C62618D394001DC492 /* VKapp_RudenkoD */ = {
			isa = PBXNativeTarget;
			buildConfigurationList = 695F08DB2618D395001DC492 /* Build configuration list for PBXNativeTarget "VKapp_RudenkoD" */;
			buildPhases = (
				695F08C32618D394001DC492 /* Sources */,
				695F08C42618D394001DC492 /* Frameworks */,
				695F08C52618D394001DC492 /* Resources */,
			);
			buildRules = (
			);
			dependencies = (
			);
			name = VKapp_RudenkoD;
			productName = L1_RudenkoD;
			productReference = 695F08C72618D394001DC492 /* VKapp_RudenkoD.app */;
			productType = "com.apple.product-type.application";
		};
/* End PBXNativeTarget section */

/* Begin PBXProject section */
		695F08BF2618D394001DC492 /* Project object */ = {
			isa = PBXProject;
			attributes = {
				LastSwiftUpdateCheck = 1240;
				LastUpgradeCheck = 1240;
				TargetAttributes = {
					695F08C62618D394001DC492 = {
						CreatedOnToolsVersion = 12.4;
					};
				};
			};
			buildConfigurationList = 695F08C22618D394001DC492 /* Build configuration list for PBXProject "VKapp_RudenkoD" */;
			compatibilityVersion = "Xcode 9.3";
			developmentRegion = en;
			hasScannedForEncodings = 0;
			knownRegions = (
				en,
				Base,
			);
			mainGroup = 695F08BE2618D394001DC492;
			productRefGroup = 695F08C82618D394001DC492 /* Products */;
			projectDirPath = "";
			projectRoot = "";
			targets = (
				695F08C62618D394001DC492 /* VKapp_RudenkoD */,
			);
		};
/* End PBXProject section */

/* Begin PBXResourcesBuildPhase section */
		695F08C52618D394001DC492 /* Resources */ = {
			isa = PBXResourcesBuildPhase;
			buildActionMask = 2147483647;
			files = (
				69A9BFF2262DED8A00980DDF /* PhotosCollectionViewCell.xib in Resources */,
				691F6EB526233DD900CA7957 /* DetailedFriendCollectionViewCell.xib in Resources */,
				699657032624595D008650B8 /* GroupTableViewCell.xib in Resources */,
				695F08D72618D395001DC492 /* LaunchScreen.storyboard in Resources */,
				695F08D42618D395001DC492 /* Assets.xcassets in Resources */,
				695F08D22618D394001DC492 /* Main.storyboard in Resources */,
				699DF709263160DE004F6C13 /* NewsTableViewCell.xib in Resources */,
				691F6EAD26231F0B00CA7957 /* FriendTableViewCell.xib in Resources */,
			);
			runOnlyForDeploymentPostprocessing = 0;
		};
/* End PBXResourcesBuildPhase section */

/* Begin PBXSourcesBuildPhase section */
		695F08C32618D394001DC492 /* Sources */ = {
			isa = PBXSourcesBuildPhase;
			buildActionMask = 2147483647;
			files = (
				691F6EAC26231F0B00CA7957 /* FriendTableViewCell.swift in Sources */,
				699DF71226317FF7004F6C13 /* Post.swift in Sources */,
				69BF44142622F70300D03109 /* User.swift in Sources */,
				699DF708263160DE004F6C13 /* NewsTableViewCell.swift in Sources */,
				691F6EB026233D8E00CA7957 /* DetailedFriendCollectionViewController.swift in Sources */,
				69A9BFED262DED7100980DDF /* PhotosCollectionViewController.swift in Sources */,
				69BF44262622FF7900D03109 /* TabBarController.swift in Sources */,
				69A9BFF7262EDBBA00980DDF /* CharPeekerControl.swift in Sources */,
				699656FE26245702008650B8 /* UserGroupTableViewController.swift in Sources */,
				69D332282618DF76009D4411 /* LoginFormController.swift in Sources */,
				69BF44222622FE6000D03109 /* DataStorage.swift in Sources */,
				699DF704263160C3004F6C13 /* NewsTableViewController.swift in Sources */,
				697CCA13262EE6FF00E1F048 /* FriendsViewController.swift in Sources */,
				694FD2192634C7E8009CA6DD /* Extensions.swift in Sources */,
				691F6EB426233DD900CA7957 /* DetailedFriendCollectionViewCell.swift in Sources */,
				6996570626246925008650B8 /* AllGroupsTableViewController.swift in Sources */,
				6939F3FB26394C5A007EE218 /* AnimatedPhotosViewController.swift in Sources */,
				695F08CB2618D394001DC492 /* AppDelegate.swift in Sources */,
				69BF44172622F71200D03109 /* Group.swift in Sources */,
				69A9BFF1262DED8A00980DDF /* PhotosCollectionViewCell.swift in Sources */,
				699657022624595D008650B8 /* GroupTableViewCell.swift in Sources */,
				695F08CD2618D394001DC492 /* SceneDelegate.swift in Sources */,
			);
			runOnlyForDeploymentPostprocessing = 0;
		};
/* End PBXSourcesBuildPhase section */

/* Begin PBXVariantGroup section */
		695F08D02618D394001DC492 /* Main.storyboard */ = {
			isa = PBXVariantGroup;
			children = (
				695F08D12618D394001DC492 /* Base */,
			);
			name = Main.storyboard;
			sourceTree = "<group>";
		};
		695F08D52618D395001DC492 /* LaunchScreen.storyboard */ = {
			isa = PBXVariantGroup;
			children = (
				695F08D62618D395001DC492 /* Base */,
			);
			name = LaunchScreen.storyboard;
			sourceTree = "<group>";
		};
/* End PBXVariantGroup section */

/* Begin XCBuildConfiguration section */
		695F08D92618D395001DC492 /* Debug */ = {
			isa = XCBuildConfiguration;
			buildSettings = {
				ALWAYS_SEARCH_USER_PATHS = NO;
				CLANG_ANALYZER_NONNULL = YES;
				CLANG_ANALYZER_NUMBER_OBJECT_CONVERSION = YES_AGGRESSIVE;
				CLANG_CXX_LANGUAGE_STANDARD = "gnu++14";
				CLANG_CXX_LIBRARY = "libc++";
				CLANG_ENABLE_MODULES = YES;
				CLANG_ENABLE_OBJC_ARC = YES;
				CLANG_ENABLE_OBJC_WEAK = YES;
				CLANG_WARN_BLOCK_CAPTURE_AUTORELEASING = YES;
				CLANG_WARN_BOOL_CONVERSION = YES;
				CLANG_WARN_COMMA = YES;
				CLANG_WARN_CONSTANT_CONVERSION = YES;
				CLANG_WARN_DEPRECATED_OBJC_IMPLEMENTATIONS = YES;
				CLANG_WARN_DIRECT_OBJC_ISA_USAGE = YES_ERROR;
				CLANG_WARN_DOCUMENTATION_COMMENTS = YES;
				CLANG_WARN_EMPTY_BODY = YES;
				CLANG_WARN_ENUM_CONVERSION = YES;
				CLANG_WARN_INFINITE_RECURSION = YES;
				CLANG_WARN_INT_CONVERSION = YES;
				CLANG_WARN_NON_LITERAL_NULL_CONVERSION = YES;
				CLANG_WARN_OBJC_IMPLICIT_RETAIN_SELF = YES;
				CLANG_WARN_OBJC_LITERAL_CONVERSION = YES;
				CLANG_WARN_OBJC_ROOT_CLASS = YES_ERROR;
				CLANG_WARN_QUOTED_INCLUDE_IN_FRAMEWORK_HEADER = YES;
				CLANG_WARN_RANGE_LOOP_ANALYSIS = YES;
				CLANG_WARN_STRICT_PROTOTYPES = YES;
				CLANG_WARN_SUSPICIOUS_MOVE = YES;
				CLANG_WARN_UNGUARDED_AVAILABILITY = YES_AGGRESSIVE;
				CLANG_WARN_UNREACHABLE_CODE = YES;
				CLANG_WARN__DUPLICATE_METHOD_MATCH = YES;
				COPY_PHASE_STRIP = NO;
				DEBUG_INFORMATION_FORMAT = dwarf;
				ENABLE_STRICT_OBJC_MSGSEND = YES;
				ENABLE_TESTABILITY = YES;
				GCC_C_LANGUAGE_STANDARD = gnu11;
				GCC_DYNAMIC_NO_PIC = NO;
				GCC_NO_COMMON_BLOCKS = YES;
				GCC_OPTIMIZATION_LEVEL = 0;
				GCC_PREPROCESSOR_DEFINITIONS = (
					"DEBUG=1",
					"$(inherited)",
				);
				GCC_WARN_64_TO_32_BIT_CONVERSION = YES;
				GCC_WARN_ABOUT_RETURN_TYPE = YES_ERROR;
				GCC_WARN_UNDECLARED_SELECTOR = YES;
				GCC_WARN_UNINITIALIZED_AUTOS = YES_AGGRESSIVE;
				GCC_WARN_UNUSED_FUNCTION = YES;
				GCC_WARN_UNUSED_VARIABLE = YES;
				IPHONEOS_DEPLOYMENT_TARGET = 14.4;
				MTL_ENABLE_DEBUG_INFO = INCLUDE_SOURCE;
				MTL_FAST_MATH = YES;
				ONLY_ACTIVE_ARCH = YES;
				SDKROOT = iphoneos;
				SWIFT_ACTIVE_COMPILATION_CONDITIONS = DEBUG;
				SWIFT_OPTIMIZATION_LEVEL = "-Onone";
			};
			name = Debug;
		};
		695F08DA2618D395001DC492 /* Release */ = {
			isa = XCBuildConfiguration;
			buildSettings = {
				ALWAYS_SEARCH_USER_PATHS = NO;
				CLANG_ANALYZER_NONNULL = YES;
				CLANG_ANALYZER_NUMBER_OBJECT_CONVERSION = YES_AGGRESSIVE;
				CLANG_CXX_LANGUAGE_STANDARD = "gnu++14";
				CLANG_CXX_LIBRARY = "libc++";
				CLANG_ENABLE_MODULES = YES;
				CLANG_ENABLE_OBJC_ARC = YES;
				CLANG_ENABLE_OBJC_WEAK = YES;
				CLANG_WARN_BLOCK_CAPTURE_AUTORELEASING = YES;
				CLANG_WARN_BOOL_CONVERSION = YES;
				CLANG_WARN_COMMA = YES;
				CLANG_WARN_CONSTANT_CONVERSION = YES;
				CLANG_WARN_DEPRECATED_OBJC_IMPLEMENTATIONS = YES;
				CLANG_WARN_DIRECT_OBJC_ISA_USAGE = YES_ERROR;
				CLANG_WARN_DOCUMENTATION_COMMENTS = YES;
				CLANG_WARN_EMPTY_BODY = YES;
				CLANG_WARN_ENUM_CONVERSION = YES;
				CLANG_WARN_INFINITE_RECURSION = YES;
				CLANG_WARN_INT_CONVERSION = YES;
				CLANG_WARN_NON_LITERAL_NULL_CONVERSION = YES;
				CLANG_WARN_OBJC_IMPLICIT_RETAIN_SELF = YES;
				CLANG_WARN_OBJC_LITERAL_CONVERSION = YES;
				CLANG_WARN_OBJC_ROOT_CLASS = YES_ERROR;
				CLANG_WARN_QUOTED_INCLUDE_IN_FRAMEWORK_HEADER = YES;
				CLANG_WARN_RANGE_LOOP_ANALYSIS = YES;
				CLANG_WARN_STRICT_PROTOTYPES = YES;
				CLANG_WARN_SUSPICIOUS_MOVE = YES;
				CLANG_WARN_UNGUARDED_AVAILABILITY = YES_AGGRESSIVE;
				CLANG_WARN_UNREACHABLE_CODE = YES;
				CLANG_WARN__DUPLICATE_METHOD_MATCH = YES;
				COPY_PHASE_STRIP = NO;
				DEBUG_INFORMATION_FORMAT = "dwarf-with-dsym";
				ENABLE_NS_ASSERTIONS = NO;
				ENABLE_STRICT_OBJC_MSGSEND = YES;
				GCC_C_LANGUAGE_STANDARD = gnu11;
				GCC_NO_COMMON_BLOCKS = YES;
				GCC_WARN_64_TO_32_BIT_CONVERSION = YES;
				GCC_WARN_ABOUT_RETURN_TYPE = YES_ERROR;
				GCC_WARN_UNDECLARED_SELECTOR = YES;
				GCC_WARN_UNINITIALIZED_AUTOS = YES_AGGRESSIVE;
				GCC_WARN_UNUSED_FUNCTION = YES;
				GCC_WARN_UNUSED_VARIABLE = YES;
				IPHONEOS_DEPLOYMENT_TARGET = 14.4;
				MTL_ENABLE_DEBUG_INFO = NO;
				MTL_FAST_MATH = YES;
				SDKROOT = iphoneos;
				SWIFT_COMPILATION_MODE = wholemodule;
				SWIFT_OPTIMIZATION_LEVEL = "-O";
				VALIDATE_PRODUCT = YES;
			};
			name = Release;
		};
		695F08DC2618D395001DC492 /* Debug */ = {
			isa = XCBuildConfiguration;
			buildSettings = {
				ASSETCATALOG_COMPILER_APPICON_NAME = AppIcon;
				ASSETCATALOG_COMPILER_GLOBAL_ACCENT_COLOR_NAME = AccentColor;
				CODE_SIGN_STYLE = Automatic;
				DEVELOPMENT_TEAM = N3G8R7BNR2;
				INFOPLIST_FILE = L1_RudenkoD/Info.plist;
				LD_RUNPATH_SEARCH_PATHS = (
					"$(inherited)",
					"@executable_path/Frameworks",
				);
				PRODUCT_BUNDLE_IDENTIFIER = home.VKapp;
				PRODUCT_NAME = "$(TARGET_NAME)";
				SWIFT_VERSION = 5.0;
				TARGETED_DEVICE_FAMILY = "1,2";
			};
			name = Debug;
		};
		695F08DD2618D395001DC492 /* Release */ = {
			isa = XCBuildConfiguration;
			buildSettings = {
				ASSETCATALOG_COMPILER_APPICON_NAME = AppIcon;
				ASSETCATALOG_COMPILER_GLOBAL_ACCENT_COLOR_NAME = AccentColor;
				CODE_SIGN_STYLE = Automatic;
				DEVELOPMENT_TEAM = N3G8R7BNR2;
				INFOPLIST_FILE = L1_RudenkoD/Info.plist;
				LD_RUNPATH_SEARCH_PATHS = (
					"$(inherited)",
					"@executable_path/Frameworks",
				);
				PRODUCT_BUNDLE_IDENTIFIER = home.VKapp;
				PRODUCT_NAME = "$(TARGET_NAME)";
				SWIFT_VERSION = 5.0;
				TARGETED_DEVICE_FAMILY = "1,2";
			};
			name = Release;
		};
/* End XCBuildConfiguration section */

/* Begin XCConfigurationList section */
		695F08C22618D394001DC492 /* Build configuration list for PBXProject "VKapp_RudenkoD" */ = {
			isa = XCConfigurationList;
			buildConfigurations = (
				695F08D92618D395001DC492 /* Debug */,
				695F08DA2618D395001DC492 /* Release */,
			);
			defaultConfigurationIsVisible = 0;
			defaultConfigurationName = Release;
		};
		695F08DB2618D395001DC492 /* Build configuration list for PBXNativeTarget "VKapp_RudenkoD" */ = {
			isa = XCConfigurationList;
			buildConfigurations = (
				695F08DC2618D395001DC492 /* Debug */,
				695F08DD2618D395001DC492 /* Release */,
			);
			defaultConfigurationIsVisible = 0;
			defaultConfigurationName = Release;
		};
/* End XCConfigurationList section */
	};
	rootObject = 695F08BF2618D394001DC492 /* Project object */;
}
